
Microsoft Visual Studio Solution File, Format Version 12.00
# Visual Studio Version 17
VisualStudioVersion = 17.9.34728.123
MinimumVisualStudioVersion = 10.0.40219.1
Project("{FAE04EC0-301F-11D3-BF4B-00C04F79EFBC}") = "ChainwayWebSocketApp", "ChainwayWebSocketApp\ChainwayWebSocketApp.csproj", "{7F5C2CCE-73EC-4026-BC3B-27F84C71BFDA}"
EndProject
Global
	GlobalSection(SolutionConfigurationPlatforms) = preSolution
		Debug|Any CPU = Debug|Any CPU
		Release|Any CPU = Release|Any CPU
	EndGlobalSection
	GlobalSection(ProjectConfigurationPlatforms) = postSolution
		{7F5C2CCE-73EC-4026-BC3B-27F84C71BFDA}.Debug|Any CPU.ActiveCfg = Debug|Any CPU
		{7F5C2CCE-73EC-4026-BC3B-27F84C71BFDA}.Debug|Any CPU.Build.0 = Debug|Any CPU
		{7F5C2CCE-73EC-4026-BC3B-27F84C71BFDA}.Debug|Any CPU.Deploy.0 = Debug|Any CPU
		{7F5C2CCE-73EC-4026-BC3B-27F84C71BFDA}.Release|Any CPU.ActiveCfg = Release|Any CPU
		{7F5C2CCE-73EC-4026-BC3B-27F84C71BFDA}.Release|Any CPU.Build.0 = Release|Any CPU
		{7F5C2CCE-73EC-4026-BC3B-27F84C71BFDA}.Release|Any CPU.Deploy.0 = Release|Any CPU
	EndGlobalSection
	GlobalSection(SolutionProperties) = preSolution
		HideSolutionNode = FALSE
	EndGlobalSection
	GlobalSection(ExtensibilityGlobals) = postSolution
		SolutionGuid = {8F11372C-481C-4C02-9D00-8086CFF61239}
	EndGlobalSection
EndGlobal
